// !$*UTF8*$!
{
	archiveVersion = 1;
	classes = {
	};
	objectVersion = 51;
	objects = {

/* Begin PBXBuildFile section */
		02B7C60E2484F7C0009487EF /* AppDelegate.swift in Sources */ = {isa = PBXBuildFile; fileRef = 02B7C60D2484F7C0009487EF /* AppDelegate.swift */; };
		02B7C6102484F7C0009487EF /* SceneDelegate.swift in Sources */ = {isa = PBXBuildFile; fileRef = 02B7C60F2484F7C0009487EF /* SceneDelegate.swift */; };
		02B7C6122484F7C0009487EF /* ViewController.swift in Sources */ = {isa = PBXBuildFile; fileRef = 02B7C6112484F7C0009487EF /* ViewController.swift */; };
		02B7C6152484F7C0009487EF /* Main.storyboard in Resources */ = {isa = PBXBuildFile; fileRef = 02B7C6132484F7C0009487EF /* Main.storyboard */; };
		02B7C6172484F7C2009487EF /* Assets.xcassets in Resources */ = {isa = PBXBuildFile; fileRef = 02B7C6162484F7C2009487EF /* Assets.xcassets */; };
		02B7C62F248500C4009487EF /* Localizable.strings in Resources */ = {isa = PBXBuildFile; fileRef = 02B7C62D248500C4009487EF /* Localizable.strings */; };
		02B7C63424850197009487EF /* LaunchScreen.storyboard in Resources */ = {isa = PBXBuildFile; fileRef = 02B7C63224850197009487EF /* LaunchScreen.storyboard */; };
		02E06DC02485E33600EA2F42 /* swiftgen.yml in Resources */ = {isa = PBXBuildFile; fileRef = 02E06DBF2485E33600EA2F42 /* swiftgen.yml */; };
		02E06DC22485E3DE00EA2F42 /* L10n-Constants.swift in Sources */ = {isa = PBXBuildFile; fileRef = 02E06DC12485E3DE00EA2F42 /* L10n-Constants.swift */; };
		02E06DC62485E5FF00EA2F42 /* R.generated.swift in Sources */ = {isa = PBXBuildFile; fileRef = 02E06DC52485E5FF00EA2F42 /* R.generated.swift */; };
		C3B3E7F256C476DA4A841B2F /* Pods_PodTest.framework in Frameworks */ = {isa = PBXBuildFile; fileRef = FE47BB88B9D1708A805CA53D /* Pods_PodTest.framework */; };
/* End PBXBuildFile section */

/* Begin PBXFileReference section */
		02777AC62485E85F003612B9 /* Info.plist */ = {isa = PBXFileReference; lastKnownFileType = text.plist; name = Info.plist; path = PodTest/Info.plist; sourceTree = SOURCE_ROOT; };
		02B7C60A2484F7C0009487EF /* PodTest.app */ = {isa = PBXFileReference; explicitFileType = wrapper.application; includeInIndex = 0; path = PodTest.app; sourceTree = BUILT_PRODUCTS_DIR; };
		02B7C60D2484F7C0009487EF /* AppDelegate.swift */ = {isa = PBXFileReference; lastKnownFileType = sourcecode.swift; path = AppDelegate.swift; sourceTree = "<group>"; };
		02B7C60F2484F7C0009487EF /* SceneDelegate.swift */ = {isa = PBXFileReference; lastKnownFileType = sourcecode.swift; path = SceneDelegate.swift; sourceTree = "<group>"; };
		02B7C6112484F7C0009487EF /* ViewController.swift */ = {isa = PBXFileReference; lastKnownFileType = sourcecode.swift; path = ViewController.swift; sourceTree = "<group>"; };
		02B7C6142484F7C0009487EF /* Base */ = {isa = PBXFileReference; lastKnownFileType = file.storyboard; name = Base; path = Base.lproj/Main.storyboard; sourceTree = "<group>"; };
		02B7C6162484F7C2009487EF /* Assets.xcassets */ = {isa = PBXFileReference; lastKnownFileType = folder.assetcatalog; path = Assets.xcassets; sourceTree = "<group>"; };
		02B7C62E248500C4009487EF /* Base */ = {isa = PBXFileReference; lastKnownFileType = text.plist.strings; name = Base; path = Base.lproj/Localizable.strings; sourceTree = "<group>"; };
		02B7C630248500CA009487EF /* en */ = {isa = PBXFileReference; lastKnownFileType = text.plist.strings; name = en; path = en.lproj/Localizable.strings; sourceTree = "<group>"; };
		02B7C63324850197009487EF /* Base */ = {isa = PBXFileReference; lastKnownFileType = file.storyboard; name = Base; path = Base.lproj/LaunchScreen.storyboard; sourceTree = "<group>"; };
		02B7C635248501C6009487EF /* ja */ = {isa = PBXFileReference; lastKnownFileType = text.plist.strings; name = ja; path = ja.lproj/Localizable.strings; sourceTree = "<group>"; };
		02E06DBF2485E33600EA2F42 /* swiftgen.yml */ = {isa = PBXFileReference; fileEncoding = 4; lastKnownFileType = text.yaml; path = swiftgen.yml; sourceTree = SOURCE_ROOT; };
		02E06DC12485E3DE00EA2F42 /* L10n-Constants.swift */ = {isa = PBXFileReference; fileEncoding = 4; lastKnownFileType = sourcecode.swift; path = "L10n-Constants.swift"; sourceTree = "<group>"; };
		02E06DC52485E5FF00EA2F42 /* R.generated.swift */ = {isa = PBXFileReference; fileEncoding = 4; lastKnownFileType = sourcecode.swift; path = R.generated.swift; sourceTree = "<group>"; };
		3E5D2DCBED8DFFEFD3E094B2 /* Pods-PodTest.debug.xcconfig */ = {isa = PBXFileReference; includeInIndex = 1; lastKnownFileType = text.xcconfig; name = "Pods-PodTest.debug.xcconfig"; path = "Target Support Files/Pods-PodTest/Pods-PodTest.debug.xcconfig"; sourceTree = "<group>"; };
		FE47BB88B9D1708A805CA53D /* Pods_PodTest.framework */ = {isa = PBXFileReference; explicitFileType = wrapper.framework; includeInIndex = 0; path = Pods_PodTest.framework; sourceTree = BUILT_PRODUCTS_DIR; };
		FEC294475CF79FD70EBEEF8C /* Pods-PodTest.release.xcconfig */ = {isa = PBXFileReference; includeInIndex = 1; lastKnownFileType = text.xcconfig; name = "Pods-PodTest.release.xcconfig"; path = "Target Support Files/Pods-PodTest/Pods-PodTest.release.xcconfig"; sourceTree = "<group>"; };
/* End PBXFileReference section */

/* Begin PBXFrameworksBuildPhase section */
		02B7C6072484F7C0009487EF /* Frameworks */ = {
			isa = PBXFrameworksBuildPhase;
			buildActionMask = 2147483647;
			files = (
				C3B3E7F256C476DA4A841B2F /* Pods_PodTest.framework in Frameworks */,
			);
			runOnlyForDeploymentPostprocessing = 0;
		};
/* End PBXFrameworksBuildPhase section */

/* Begin PBXGroup section */
		02B7C6012484F7C0009487EF = {
			isa = PBXGroup;
			children = (
				02B7C60C2484F7C0009487EF /* PodTest */,
				02B7C60B2484F7C0009487EF /* Products */,
				7B75224B374DAD3EEF5339A1 /* Pods */,
				522041C8CA96E3123FD5A840 /* Frameworks */,
			);
			sourceTree = "<group>";
		};
		02B7C60B2484F7C0009487EF /* Products */ = {
			isa = PBXGroup;
			children = (
				02B7C60A2484F7C0009487EF /* PodTest.app */,
			);
			name = Products;
			sourceTree = "<group>";
		};
		02B7C60C2484F7C0009487EF /* PodTest */ = {
			isa = PBXGroup;
			children = (
				02E06DBC2485E2F700EA2F42 /* Generated */,
				02B7C63124850151009487EF /* Resources */,
				02B7C6252484FFF4009487EF /* Networking */,
				02B7C6242484FFE8009487EF /* Storyboards */,
				02B7C6232484FFE0009487EF /* Models */,
				02B7C6222484FFD8009487EF /* Controllers */,
				02B7C6212484FFC0009487EF /* SupportingFiles */,
			);
			path = PodTest;
			sourceTree = "<group>";
		};
		02B7C6212484FFC0009487EF /* SupportingFiles */ = {
			isa = PBXGroup;
			children = (
				02777AC62485E85F003612B9 /* Info.plist */,
				02E06DBF2485E33600EA2F42 /* swiftgen.yml */,
				02B7C63224850197009487EF /* LaunchScreen.storyboard */,
				02B7C6132484F7C0009487EF /* Main.storyboard */,
				02B7C60D2484F7C0009487EF /* AppDelegate.swift */,
				02B7C60F2484F7C0009487EF /* SceneDelegate.swift */,
			);
			path = SupportingFiles;
			sourceTree = "<group>";
		};
		02B7C6222484FFD8009487EF /* Controllers */ = {
			isa = PBXGroup;
			children = (
				02B7C6112484F7C0009487EF /* ViewController.swift */,
			);
			path = Controllers;
			sourceTree = "<group>";
		};
		02B7C6232484FFE0009487EF /* Models */ = {
			isa = PBXGroup;
			children = (
			);
			path = Models;
			sourceTree = "<group>";
		};
		02B7C6242484FFE8009487EF /* Storyboards */ = {
			isa = PBXGroup;
			children = (
			);
			path = Storyboards;
			sourceTree = "<group>";
		};
		02B7C6252484FFF4009487EF /* Networking */ = {
			isa = PBXGroup;
			children = (
			);
			path = Networking;
			sourceTree = "<group>";
		};
		02B7C63124850151009487EF /* Resources */ = {
			isa = PBXGroup;
			children = (
				02B7C62D248500C4009487EF /* Localizable.strings */,
				02B7C6162484F7C2009487EF /* Assets.xcassets */,
			);
			path = Resources;
			sourceTree = "<group>";
		};
		02E06DBC2485E2F700EA2F42 /* Generated */ = {
			isa = PBXGroup;
			children = (
				02E06DC52485E5FF00EA2F42 /* R.generated.swift */,
				02E06DC12485E3DE00EA2F42 /* L10n-Constants.swift */,
			);
			path = Generated;
			sourceTree = "<group>";
		};
		522041C8CA96E3123FD5A840 /* Frameworks */ = {
			isa = PBXGroup;
			children = (
				FE47BB88B9D1708A805CA53D /* Pods_PodTest.framework */,
			);
			name = Frameworks;
			sourceTree = "<group>";
		};
		7B75224B374DAD3EEF5339A1 /* Pods */ = {
			isa = PBXGroup;
			children = (
				3E5D2DCBED8DFFEFD3E094B2 /* Pods-PodTest.debug.xcconfig */,
				FEC294475CF79FD70EBEEF8C /* Pods-PodTest.release.xcconfig */,
			);
			path = Pods;
			sourceTree = "<group>";
		};
/* End PBXGroup section */

/* Begin PBXNativeTarget section */
		02B7C6092484F7C0009487EF /* PodTest */ = {
			isa = PBXNativeTarget;
			buildConfigurationList = 02B7C61E2484F7C2009487EF /* Build configuration list for PBXNativeTarget "PodTest" */;
			buildPhases = (
				AF33DE8C015D795322C0E2B2 /* [CP] Check Pods Manifest.lock */,
				02B7C636248501EC009487EF /* ShellScript */,
				02B7C6062484F7C0009487EF /* Sources */,
				02B7C6072484F7C0009487EF /* Frameworks */,
				02B7C6082484F7C0009487EF /* Resources */,
				1B6A01E5D8BA4EFDE94308E9 /* [CP] Embed Pods Frameworks */,
			);
			buildRules = (
			);
			dependencies = (
			);
			name = PodTest;
			productName = PodTest;
			productReference = 02B7C60A2484F7C0009487EF /* PodTest.app */;
			productType = "com.apple.product-type.application";
		};
/* End PBXNativeTarget section */

/* Begin PBXProject section */
		02B7C6022484F7C0009487EF /* Project object */ = {
			isa = PBXProject;
			attributes = {
				LastSwiftUpdateCheck = 1150;
				LastUpgradeCheck = 1150;
				ORGANIZATIONNAME = rafaerum;
				TargetAttributes = {
					02B7C6092484F7C0009487EF = {
						CreatedOnToolsVersion = 11.5;
					};
				};
			};
			buildConfigurationList = 02B7C6052484F7C0009487EF /* Build configuration list for PBXProject "PodTest" */;
			compatibilityVersion = "Xcode 9.3";
			developmentRegion = en;
			hasScannedForEncodings = 0;
			knownRegions = (
				en,
				Base,
				ja,
			);
			mainGroup = 02B7C6012484F7C0009487EF;
			productRefGroup = 02B7C60B2484F7C0009487EF /* Products */;
			projectDirPath = "";
			projectRoot = "";
			targets = (
				02B7C6092484F7C0009487EF /* PodTest */,
			);
		};
/* End PBXProject section */

/* Begin PBXResourcesBuildPhase section */
		02B7C6082484F7C0009487EF /* Resources */ = {
			isa = PBXResourcesBuildPhase;
			buildActionMask = 2147483647;
			files = (
				02B7C62F248500C4009487EF /* Localizable.strings in Resources */,
				02E06DC02485E33600EA2F42 /* swiftgen.yml in Resources */,
				02B7C63424850197009487EF /* LaunchScreen.storyboard in Resources */,
				02B7C6172484F7C2009487EF /* Assets.xcassets in Resources */,
				02B7C6152484F7C0009487EF /* Main.storyboard in Resources */,
			);
			runOnlyForDeploymentPostprocessing = 0;
		};
/* End PBXResourcesBuildPhase section */

/* Begin PBXShellScriptBuildPhase section */
		02B7C636248501EC009487EF /* ShellScript */ = {
			isa = PBXShellScriptBuildPhase;
			buildActionMask = 2147483647;
			files = (
			);
			inputFileListPaths = (
			);
			inputPaths = (
				"$TEMP_DIR/rswift-lastrun",
			);
			outputFileListPaths = (
			);
			outputPaths = (
				$SRCROOT/$PROJECT_NAME/Generated/R.generated.swift,
			);
			runOnlyForDeploymentPostprocessing = 0;
			shellPath = /bin/sh;
			shellScript = "# Type a script or drag a script file from your workspace to insert its path.\n\"$PODS_ROOT/R.swift/rswift\" generate \"$SRCROOT/$PROJECT_NAME/Generated/R.generated.swift\"\n";
		};
		1B6A01E5D8BA4EFDE94308E9 /* [CP] Embed Pods Frameworks */ = {
			isa = PBXShellScriptBuildPhase;
			buildActionMask = 2147483647;
			files = (
			);
			inputFileListPaths = (
				"${PODS_ROOT}/Target Support Files/Pods-PodTest/Pods-PodTest-frameworks-${CONFIGURATION}-input-files.xcfilelist",
			);
			name = "[CP] Embed Pods Frameworks";
			outputFileListPaths = (
				"${PODS_ROOT}/Target Support Files/Pods-PodTest/Pods-PodTest-frameworks-${CONFIGURATION}-output-files.xcfilelist",
			);
			runOnlyForDeploymentPostprocessing = 0;
			shellPath = /bin/sh;
			shellScript = "\"${PODS_ROOT}/Target Support Files/Pods-PodTest/Pods-PodTest-frameworks.sh\"\n";
			showEnvVarsInLog = 0;
		};
		AF33DE8C015D795322C0E2B2 /* [CP] Check Pods Manifest.lock */ = {
			isa = PBXShellScriptBuildPhase;
			buildActionMask = 2147483647;
			files = (
			);
			inputFileListPaths = (
			);
			inputPaths = (
				"${PODS_PODFILE_DIR_PATH}/Podfile.lock",
				"${PODS_ROOT}/Manifest.lock",
			);
			name = "[CP] Check Pods Manifest.lock";
			outputFileListPaths = (
			);
			outputPaths = (
				"$(DERIVED_FILE_DIR)/Pods-PodTest-checkManifestLockResult.txt",
			);
			runOnlyForDeploymentPostprocessing = 0;
			shellPath = /bin/sh;
			shellScript = "diff \"${PODS_PODFILE_DIR_PATH}/Podfile.lock\" \"${PODS_ROOT}/Manifest.lock\" > /dev/null\nif [ $? != 0 ] ; then\n    # print error to STDERR\n    echo \"error: The sandbox is not in sync with the Podfile.lock. Run 'pod install' or update your CocoaPods installation.\" >&2\n    exit 1\nfi\n# This output is used by Xcode 'outputs' to avoid re-running this script phase.\necho \"SUCCESS\" > \"${SCRIPT_OUTPUT_FILE_0}\"\n";
			showEnvVarsInLog = 0;
		};
/* End PBXShellScriptBuildPhase section */

/* Begin PBXSourcesBuildPhase section */
		02B7C6062484F7C0009487EF /* Sources */ = {
			isa = PBXSourcesBuildPhase;
			buildActionMask = 2147483647;
			files = (
				02E06DC22485E3DE00EA2F42 /* L10n-Constants.swift in Sources */,
				02B7C6122484F7C0009487EF /* ViewController.swift in Sources */,
				02E06DC62485E5FF00EA2F42 /* R.generated.swift in Sources */,
				02B7C60E2484F7C0009487EF /* AppDelegate.swift in Sources */,
				02B7C6102484F7C0009487EF /* SceneDelegate.swift in Sources */,
			);
			runOnlyForDeploymentPostprocessing = 0;
		};
/* End PBXSourcesBuildPhase section */

/* Begin PBXVariantGroup section */
		02B7C6132484F7C0009487EF /* Main.storyboard */ = {
			isa = PBXVariantGroup;
			children = (
				02B7C6142484F7C0009487EF /* Base */,
			);
			name = Main.storyboard;
			sourceTree = "<group>";
		};
		02B7C62D248500C4009487EF /* Localizable.strings */ = {
			isa = PBXVariantGroup;
			children = (
				02B7C62E248500C4009487EF /* Base */,
				02B7C630248500CA009487EF /* en */,
				02B7C635248501C6009487EF /* ja */,
			);
			name = Localizable.strings;
			sourceTree = "<group>";
		};
		02B7C63224850197009487EF /* LaunchScreen.storyboard */ = {
			isa = PBXVariantGroup;
			children = (
				02B7C63324850197009487EF /* Base */,
			);
			name = LaunchScreen.storyboard;
			sourceTree = "<group>";
		};
/* End PBXVariantGroup section */

/* Begin XCBuildConfiguration section */
		02B7C61C2484F7C2009487EF /* Debug */ = {
			isa = XCBuildConfiguration;
			buildSettings = {
				ALWAYS_SEARCH_USER_PATHS = NO;
				CLANG_ANALYZER_LOCALIZABILITY_NONLOCALIZED = YES;
				CLANG_ANALYZER_NONNULL = YES;
				CLANG_ANALYZER_NUMBER_OBJECT_CONVERSION = YES_AGGRESSIVE;
				CLANG_CXX_LANGUAGE_STANDARD = "gnu++14";
				CLANG_CXX_LIBRARY = "libc++";
				CLANG_ENABLE_MODULES = YES;
				CLANG_ENABLE_OBJC_ARC = YES;
				CLANG_ENABLE_OBJC_WEAK = YES;
				CLANG_WARN_BLOCK_CAPTURE_AUTORELEASING = YES;
				CLANG_WARN_BOOL_CONVERSION = YES;
				CLANG_WARN_COMMA = YES;
				CLANG_WARN_CONSTANT_CONVERSION = YES;
				CLANG_WARN_DEPRECATED_OBJC_IMPLEMENTATIONS = YES;
				CLANG_WARN_DIRECT_OBJC_ISA_USAGE = YES_ERROR;
				CLANG_WARN_DOCUMENTATION_COMMENTS = YES;
				CLANG_WARN_EMPTY_BODY = YES;
				CLANG_WARN_ENUM_CONVERSION = YES;
				CLANG_WARN_INFINITE_RECURSION = YES;
				CLANG_WARN_INT_CONVERSION = YES;
				CLANG_WARN_NON_LITERAL_NULL_CONVERSION = YES;
				CLANG_WARN_OBJC_IMPLICIT_RETAIN_SELF = YES;
				CLANG_WARN_OBJC_LITERAL_CONVERSION = YES;
				CLANG_WARN_OBJC_ROOT_CLASS = YES_ERROR;
				CLANG_WARN_RANGE_LOOP_ANALYSIS = YES;
				CLANG_WARN_STRICT_PROTOTYPES = YES;
				CLANG_WARN_SUSPICIOUS_MOVE = YES;
				CLANG_WARN_UNGUARDED_AVAILABILITY = YES_AGGRESSIVE;
				CLANG_WARN_UNREACHABLE_CODE = YES;
				CLANG_WARN__DUPLICATE_METHOD_MATCH = YES;
				COPY_PHASE_STRIP = NO;
				DEBUG_INFORMATION_FORMAT = dwarf;
				ENABLE_STRICT_OBJC_MSGSEND = YES;
				ENABLE_TESTABILITY = YES;
				GCC_C_LANGUAGE_STANDARD = gnu11;
				GCC_DYNAMIC_NO_PIC = NO;
				GCC_NO_COMMON_BLOCKS = YES;
				GCC_OPTIMIZATION_LEVEL = 0;
				GCC_PREPROCESSOR_DEFINITIONS = (
					"DEBUG=1",
					"$(inherited)",
				);
				GCC_WARN_64_TO_32_BIT_CONVERSION = YES;
				GCC_WARN_ABOUT_RETURN_TYPE = YES_ERROR;
				GCC_WARN_UNDECLARED_SELECTOR = YES;
				GCC_WARN_UNINITIALIZED_AUTOS = YES_AGGRESSIVE;
				GCC_WARN_UNUSED_FUNCTION = YES;
				GCC_WARN_UNUSED_VARIABLE = YES;
				IPHONEOS_DEPLOYMENT_TARGET = 13.5;
				MTL_ENABLE_DEBUG_INFO = INCLUDE_SOURCE;
				MTL_FAST_MATH = YES;
				ONLY_ACTIVE_ARCH = YES;
				SDKROOT = iphoneos;
				SWIFT_ACTIVE_COMPILATION_CONDITIONS = DEBUG;
				SWIFT_OPTIMIZATION_LEVEL = "-Onone";
			};
			name = Debug;
		};
		02B7C61D2484F7C2009487EF /* Release */ = {
			isa = XCBuildConfiguration;
			buildSettings = {
				ALWAYS_SEARCH_USER_PATHS = NO;
				CLANG_ANALYZER_LOCALIZABILITY_NONLOCALIZED = YES;
				CLANG_ANALYZER_NONNULL = YES;
				CLANG_ANALYZER_NUMBER_OBJECT_CONVERSION = YES_AGGRESSIVE;
				CLANG_CXX_LANGUAGE_STANDARD = "gnu++14";
				CLANG_CXX_LIBRARY = "libc++";
				CLANG_ENABLE_MODULES = YES;
				CLANG_ENABLE_OBJC_ARC = YES;
				CLANG_ENABLE_OBJC_WEAK = YES;
				CLANG_WARN_BLOCK_CAPTURE_AUTORELEASING = YES;
				CLANG_WARN_BOOL_CONVERSION = YES;
				CLANG_WARN_COMMA = YES;
				CLANG_WARN_CONSTANT_CONVERSION = YES;
				CLANG_WARN_DEPRECATED_OBJC_IMPLEMENTATIONS = YES;
				CLANG_WARN_DIRECT_OBJC_ISA_USAGE = YES_ERROR;
				CLANG_WARN_DOCUMENTATION_COMMENTS = YES;
				CLANG_WARN_EMPTY_BODY = YES;
				CLANG_WARN_ENUM_CONVERSION = YES;
				CLANG_WARN_INFINITE_RECURSION = YES;
				CLANG_WARN_INT_CONVERSION = YES;
				CLANG_WARN_NON_LITERAL_NULL_CONVERSION = YES;
				CLANG_WARN_OBJC_IMPLICIT_RETAIN_SELF = YES;
				CLANG_WARN_OBJC_LITERAL_CONVERSION = YES;
				CLANG_WARN_OBJC_ROOT_CLASS = YES_ERROR;
				CLANG_WARN_RANGE_LOOP_ANALYSIS = YES;
				CLANG_WARN_STRICT_PROTOTYPES = YES;
				CLANG_WARN_SUSPICIOUS_MOVE = YES;
				CLANG_WARN_UNGUARDED_AVAILABILITY = YES_AGGRESSIVE;
				CLANG_WARN_UNREACHABLE_CODE = YES;
				CLANG_WARN__DUPLICATE_METHOD_MATCH = YES;
				COPY_PHASE_STRIP = NO;
				DEBUG_INFORMATION_FORMAT = "dwarf-with-dsym";
				ENABLE_NS_ASSERTIONS = NO;
				ENABLE_STRICT_OBJC_MSGSEND = YES;
				GCC_C_LANGUAGE_STANDARD = gnu11;
				GCC_NO_COMMON_BLOCKS = YES;
				GCC_WARN_64_TO_32_BIT_CONVERSION = YES;
				GCC_WARN_ABOUT_RETURN_TYPE = YES_ERROR;
				GCC_WARN_UNDECLARED_SELECTOR = YES;
				GCC_WARN_UNINITIALIZED_AUTOS = YES_AGGRESSIVE;
				GCC_WARN_UNUSED_FUNCTION = YES;
				GCC_WARN_UNUSED_VARIABLE = YES;
				IPHONEOS_DEPLOYMENT_TARGET = 13.5;
				MTL_ENABLE_DEBUG_INFO = NO;
				MTL_FAST_MATH = YES;
				SDKROOT = iphoneos;
				SWIFT_COMPILATION_MODE = wholemodule;
				SWIFT_OPTIMIZATION_LEVEL = "-O";
				VALIDATE_PRODUCT = YES;
			};
			name = Release;
		};
		02B7C61F2484F7C2009487EF /* Debug */ = {
			isa = XCBuildConfiguration;
			baseConfigurationReference = 3E5D2DCBED8DFFEFD3E094B2 /* Pods-PodTest.debug.xcconfig */;
			buildSettings = {
				ASSETCATALOG_COMPILER_APPICON_NAME = AppIcon;
				CODE_SIGN_STYLE = Automatic;
				DEVELOPMENT_TEAM = QHQTJY568Z;
				INFOPLIST_FILE = PodTest/Info.plist;
				LD_RUNPATH_SEARCH_PATHS = (
					"$(inherited)",
					"@executable_path/Frameworks",
				);
				PRODUCT_BUNDLE_IDENTIFIER = com.rafael.PodTest;
				PRODUCT_NAME = "$(TARGET_NAME)";
				SWIFT_VERSION = 5.0;
				TARGETED_DEVICE_FAMILY = "1,2";
			};
			name = Debug;
		};
		02B7C6202484F7C2009487EF /* Release */ = {
			isa = XCBuildConfiguration;
			baseConfigurationReference = FEC294475CF79FD70EBEEF8C /* Pods-PodTest.release.xcconfig */;
			buildSettings = {
				ASSETCATALOG_COMPILER_APPICON_NAME = AppIcon;
				CODE_SIGN_STYLE = Automatic;
				DEVELOPMENT_TEAM = QHQTJY568Z;
				INFOPLIST_FILE = PodTest/Info.plist;
				LD_RUNPATH_SEARCH_PATHS = (
					"$(inherited)",
					"@executable_path/Frameworks",
				);
				PRODUCT_BUNDLE_IDENTIFIER = com.rafael.PodTest;
				PRODUCT_NAME = "$(TARGET_NAME)";
				SWIFT_VERSION = 5.0;
				TARGETED_DEVICE_FAMILY = "1,2";
			};
			name = Release;
		};
/* End XCBuildConfiguration section */

/* Begin XCConfigurationList section */
		02B7C6052484F7C0009487EF /* Build configuration list for PBXProject "PodTest" */ = {
			isa = XCConfigurationList;
			buildConfigurations = (
				02B7C61C2484F7C2009487EF /* Debug */,
				02B7C61D2484F7C2009487EF /* Release */,
			);
			defaultConfigurationIsVisible = 0;
			defaultConfigurationName = Release;
		};
		02B7C61E2484F7C2009487EF /* Build configuration list for PBXNativeTarget "PodTest" */ = {
			isa = XCConfigurationList;
			buildConfigurations = (
				02B7C61F2484F7C2009487EF /* Debug */,
				02B7C6202484F7C2009487EF /* Release */,
			);
			defaultConfigurationIsVisible = 0;
			defaultConfigurationName = Release;
		};
/* End XCConfigurationList section */
	};
	rootObject = 02B7C6022484F7C0009487EF /* Project object */;
}
